
Microsoft Visual Studio Solution File, Format Version 12.00
# Visual Studio Version 16
VisualStudioVersion = 16.0.30717.126
MinimumVisualStudioVersion = 10.0.40219.1
Project("{FAE04EC0-301F-11D3-BF4B-00C04F79EFBC}") = "Quatro projeto", "Quatro projeto.csproj", "{9EC87E97-C253-4A7D-AA4E-9007CAE10016}"
EndProject
Global
	GlobalSection(SolutionConfigurationPlatforms) = preSolution
		Debug|Any CPU = Debug|Any CPU
		Release|Any CPU = Release|Any CPU
	EndGlobalSection
	GlobalSection(ProjectConfigurationPlatforms) = postSolution
		{9EC87E97-C253-4A7D-AA4E-9007CAE10016}.Debug|Any CPU.ActiveCfg = Debug|Any CPU
		{9EC87E97-C253-4A7D-AA4E-9007CAE10016}.Debug|Any CPU.Build.0 = Debug|Any CPU
		{9EC87E97-C253-4A7D-AA4E-9007CAE10016}.Release|Any CPU.ActiveCfg = Release|Any CPU
		{9EC87E97-C253-4A7D-AA4E-9007CAE10016}.Release|Any CPU.Build.0 = Release|Any CPU
	EndGlobalSection
	GlobalSection(SolutionProperties) = preSolution
		HideSolutionNode = FALSE
	EndGlobalSection
	GlobalSection(ExtensibilityGlobals) = postSolution
		SolutionGuid = {BA43908F-A2B8-4083-A98C-90508E1BB2F1}
	EndGlobalSection
EndGlobal
